// !$*UTF8*$!
{
	archiveVersion = 1;
	classes = {
	};
	objectVersion = 56;
	objects = {

/* Begin PBXBuildFile section */
		6505ADC02A4494E000697643 /* BooksAPI.swift in Sources */ = {isa = PBXBuildFile; fileRef = 6505ADB82A4494E000697643 /* BooksAPI.swift */; };
		6505ADC32A4494E000697643 /* Book.swift in Sources */ = {isa = PBXBuildFile; fileRef = 6505ADBB2A4494E000697643 /* Book.swift */; };
		6505ADC42A4494E000697643 /* DataController.swift in Sources */ = {isa = PBXBuildFile; fileRef = 6505ADBD2A4494E000697643 /* DataController.swift */; };
		6505ADC52A4494E000697643 /* Literally.xcdatamodeld in Sources */ = {isa = PBXBuildFile; fileRef = 6505ADBE2A4494E000697643 /* Literally.xcdatamodeld */; };
		6505ADCC2A44951800697643 /* HomeCatalog.swift in Sources */ = {isa = PBXBuildFile; fileRef = 6505ADC72A44951800697643 /* HomeCatalog.swift */; };
		6505ADCD2A44951800697643 /* MovieCatalog.swift in Sources */ = {isa = PBXBuildFile; fileRef = 6505ADC82A44951800697643 /* MovieCatalog.swift */; };
		6505ADCE2A44951800697643 /* BookCatalog.swift in Sources */ = {isa = PBXBuildFile; fileRef = 6505ADC92A44951800697643 /* BookCatalog.swift */; };
		6505ADCF2A44951800697643 /* ItemCatalog.swift in Sources */ = {isa = PBXBuildFile; fileRef = 6505ADCA2A44951800697643 /* ItemCatalog.swift */; };
		6505ADD02A44951800697643 /* HomePageView.swift in Sources */ = {isa = PBXBuildFile; fileRef = 6505ADCB2A44951800697643 /* HomePageView.swift */; };
		651661702A44EB4F0003DE95 /* MoviesAPI.swift in Sources */ = {isa = PBXBuildFile; fileRef = 6516616F2A44EB4F0003DE95 /* MoviesAPI.swift */; };
		651661732A44EB750003DE95 /* TMDb in Frameworks */ = {isa = PBXBuildFile; productRef = 651661722A44EB750003DE95 /* TMDb */; };
		B89690872A4275DE0016670F /* ItemListView.swift in Sources */ = {isa = PBXBuildFile; fileRef = B89690862A4275DE0016670F /* ItemListView.swift */; };
		B8F3EBEE2A18BB2500199DC5 /* LiterallyApp.swift in Sources */ = {isa = PBXBuildFile; fileRef = B8F3EBED2A18BB2500199DC5 /* LiterallyApp.swift */; };
		B8F3EBF02A18BB2500199DC5 /* ContentView.swift in Sources */ = {isa = PBXBuildFile; fileRef = B8F3EBEF2A18BB2500199DC5 /* ContentView.swift */; };
		B8F3EBF22A18BB2C00199DC5 /* Assets.xcassets in Resources */ = {isa = PBXBuildFile; fileRef = B8F3EBF12A18BB2C00199DC5 /* Assets.xcassets */; };
		C1B5CA732A4249E2006D9F8A /* Assets.xcassets in Resources */ = {isa = PBXBuildFile; fileRef = C1B5CA722A4249E2006D9F8A /* Assets.xcassets */; };
		C1B5CA7B2A424A4F006D9F8A /* BasePresentationView.swift in Sources */ = {isa = PBXBuildFile; fileRef = C1B5CA752A424A4F006D9F8A /* BasePresentationView.swift */; };
		C1B5CA7C2A424A4F006D9F8A /* ThirdPresentationPageView.swift in Sources */ = {isa = PBXBuildFile; fileRef = C1B5CA762A424A4F006D9F8A /* ThirdPresentationPageView.swift */; };
		C1B5CA7D2A424A4F006D9F8A /* FourthPresentationPagePreview.swift in Sources */ = {isa = PBXBuildFile; fileRef = C1B5CA772A424A4F006D9F8A /* FourthPresentationPagePreview.swift */; };
		C1B5CA7E2A424A4F006D9F8A /* FirstPresentationPageView.swift in Sources */ = {isa = PBXBuildFile; fileRef = C1B5CA782A424A4F006D9F8A /* FirstPresentationPageView.swift */; };
		C1B5CA7F2A424A4F006D9F8A /* SecondPresentationPageView.swift in Sources */ = {isa = PBXBuildFile; fileRef = C1B5CA792A424A4F006D9F8A /* SecondPresentationPageView.swift */; };
		C1B5CA872A424B03006D9F8A /* BooksView.swift in Sources */ = {isa = PBXBuildFile; fileRef = C1B5CA852A424B03006D9F8A /* BooksView.swift */; };
		C1B5CA882A424B03006D9F8A /* MoviesView.swift in Sources */ = {isa = PBXBuildFile; fileRef = C1B5CA862A424B03006D9F8A /* MoviesView.swift */; };
		C1B5CA8C2A424B35006D9F8A /* GenreView.swift in Sources */ = {isa = PBXBuildFile; fileRef = C1B5CA8A2A424B35006D9F8A /* GenreView.swift */; };
		C1B5CA8D2A424B35006D9F8A /* GenreCatalogue.swift in Sources */ = {isa = PBXBuildFile; fileRef = C1B5CA8B2A424B35006D9F8A /* GenreCatalogue.swift */; };
		C1B5CA902A424B51006D9F8A /* headerFavoriteView.swift in Sources */ = {isa = PBXBuildFile; fileRef = C1B5CA8F2A424B51006D9F8A /* headerFavoriteView.swift */; };
		C1B5CA9A2A424B78006D9F8A /* baseSearchView.swift in Sources */ = {isa = PBXBuildFile; fileRef = C1B5CA922A424B78006D9F8A /* baseSearchView.swift */; };
		C1B5CAA32A424BCE006D9F8A /* Preview Assets.xcassets in Resources */ = {isa = PBXBuildFile; fileRef = C1B5CAA22A424BCE006D9F8A /* Preview Assets.xcassets */; };
		CE3A9A6B2A43368D0076FC29 /* Movie.swift in Sources */ = {isa = PBXBuildFile; fileRef = CE3A9A6A2A43368D0076FC29 /* Movie.swift */; };
/* End PBXBuildFile section */

/* Begin PBXContainerItemProxy section */
		B8F3EBFB2A18BB2C00199DC5 /* PBXContainerItemProxy */ = {
			isa = PBXContainerItemProxy;
			containerPortal = B8F3EBE22A18BB2500199DC5 /* Project object */;
			proxyType = 1;
			remoteGlobalIDString = B8F3EBE92A18BB2500199DC5;
			remoteInfo = Literally;
		};
		B8F3EC052A18BB2C00199DC5 /* PBXContainerItemProxy */ = {
			isa = PBXContainerItemProxy;
			containerPortal = B8F3EBE22A18BB2500199DC5 /* Project object */;
			proxyType = 1;
			remoteGlobalIDString = B8F3EBE92A18BB2500199DC5;
			remoteInfo = Literally;
		};
/* End PBXContainerItemProxy section */

/* Begin PBXFileReference section */
		6505ADB82A4494E000697643 /* BooksAPI.swift */ = {isa = PBXFileReference; fileEncoding = 4; lastKnownFileType = sourcecode.swift; path = BooksAPI.swift; sourceTree = "<group>"; };
		6505ADBB2A4494E000697643 /* Book.swift */ = {isa = PBXFileReference; fileEncoding = 4; lastKnownFileType = sourcecode.swift; path = Book.swift; sourceTree = "<group>"; };
		6505ADBD2A4494E000697643 /* DataController.swift */ = {isa = PBXFileReference; fileEncoding = 4; lastKnownFileType = sourcecode.swift; path = DataController.swift; sourceTree = "<group>"; };
		6505ADBF2A4494E000697643 /* Literally.xcdatamodel */ = {isa = PBXFileReference; lastKnownFileType = wrapper.xcdatamodel; path = Literally.xcdatamodel; sourceTree = "<group>"; };
		6505ADC72A44951800697643 /* HomeCatalog.swift */ = {isa = PBXFileReference; fileEncoding = 4; lastKnownFileType = sourcecode.swift; path = HomeCatalog.swift; sourceTree = "<group>"; };
		6505ADC82A44951800697643 /* MovieCatalog.swift */ = {isa = PBXFileReference; fileEncoding = 4; lastKnownFileType = sourcecode.swift; path = MovieCatalog.swift; sourceTree = "<group>"; };
		6505ADC92A44951800697643 /* BookCatalog.swift */ = {isa = PBXFileReference; fileEncoding = 4; lastKnownFileType = sourcecode.swift; path = BookCatalog.swift; sourceTree = "<group>"; };
		6505ADCA2A44951800697643 /* ItemCatalog.swift */ = {isa = PBXFileReference; fileEncoding = 4; lastKnownFileType = sourcecode.swift; path = ItemCatalog.swift; sourceTree = "<group>"; };
		6505ADCB2A44951800697643 /* HomePageView.swift */ = {isa = PBXFileReference; fileEncoding = 4; lastKnownFileType = sourcecode.swift; path = HomePageView.swift; sourceTree = "<group>"; };
		6516616F2A44EB4F0003DE95 /* MoviesAPI.swift */ = {isa = PBXFileReference; lastKnownFileType = sourcecode.swift; path = MoviesAPI.swift; sourceTree = "<group>"; };
		B89690862A4275DE0016670F /* ItemListView.swift */ = {isa = PBXFileReference; fileEncoding = 4; lastKnownFileType = sourcecode.swift; path = ItemListView.swift; sourceTree = "<group>"; };
		B8F3EBEA2A18BB2500199DC5 /* Literally.app */ = {isa = PBXFileReference; explicitFileType = wrapper.application; includeInIndex = 0; path = Literally.app; sourceTree = BUILT_PRODUCTS_DIR; };
		B8F3EBED2A18BB2500199DC5 /* LiterallyApp.swift */ = {isa = PBXFileReference; lastKnownFileType = sourcecode.swift; path = LiterallyApp.swift; sourceTree = "<group>"; };
		B8F3EBEF2A18BB2500199DC5 /* ContentView.swift */ = {isa = PBXFileReference; lastKnownFileType = sourcecode.swift; path = ContentView.swift; sourceTree = "<group>"; };
		B8F3EBF12A18BB2C00199DC5 /* Assets.xcassets */ = {isa = PBXFileReference; lastKnownFileType = folder.assetcatalog; path = Assets.xcassets; sourceTree = "<group>"; };
		B8F3EBFA2A18BB2C00199DC5 /* LiterallyTests.xctest */ = {isa = PBXFileReference; explicitFileType = wrapper.cfbundle; includeInIndex = 0; path = LiterallyTests.xctest; sourceTree = BUILT_PRODUCTS_DIR; };
		B8F3EC042A18BB2C00199DC5 /* LiterallyUITests.xctest */ = {isa = PBXFileReference; explicitFileType = wrapper.cfbundle; includeInIndex = 0; path = LiterallyUITests.xctest; sourceTree = BUILT_PRODUCTS_DIR; };
		C1B5CA722A4249E2006D9F8A /* Assets.xcassets */ = {isa = PBXFileReference; lastKnownFileType = folder.assetcatalog; path = Assets.xcassets; sourceTree = "<group>"; };
		C1B5CA752A424A4F006D9F8A /* BasePresentationView.swift */ = {isa = PBXFileReference; fileEncoding = 4; lastKnownFileType = sourcecode.swift; path = BasePresentationView.swift; sourceTree = "<group>"; };
		C1B5CA762A424A4F006D9F8A /* ThirdPresentationPageView.swift */ = {isa = PBXFileReference; fileEncoding = 4; lastKnownFileType = sourcecode.swift; path = ThirdPresentationPageView.swift; sourceTree = "<group>"; };
		C1B5CA772A424A4F006D9F8A /* FourthPresentationPagePreview.swift */ = {isa = PBXFileReference; fileEncoding = 4; lastKnownFileType = sourcecode.swift; path = FourthPresentationPagePreview.swift; sourceTree = "<group>"; };
		C1B5CA782A424A4F006D9F8A /* FirstPresentationPageView.swift */ = {isa = PBXFileReference; fileEncoding = 4; lastKnownFileType = sourcecode.swift; path = FirstPresentationPageView.swift; sourceTree = "<group>"; };
		C1B5CA792A424A4F006D9F8A /* SecondPresentationPageView.swift */ = {isa = PBXFileReference; fileEncoding = 4; lastKnownFileType = sourcecode.swift; path = SecondPresentationPageView.swift; sourceTree = "<group>"; };
		C1B5CA852A424B03006D9F8A /* BooksView.swift */ = {isa = PBXFileReference; fileEncoding = 4; lastKnownFileType = sourcecode.swift; path = BooksView.swift; sourceTree = "<group>"; };
		C1B5CA862A424B03006D9F8A /* MoviesView.swift */ = {isa = PBXFileReference; fileEncoding = 4; lastKnownFileType = sourcecode.swift; path = MoviesView.swift; sourceTree = "<group>"; };
		C1B5CA8A2A424B35006D9F8A /* GenreView.swift */ = {isa = PBXFileReference; fileEncoding = 4; lastKnownFileType = sourcecode.swift; path = GenreView.swift; sourceTree = "<group>"; };
		C1B5CA8B2A424B35006D9F8A /* GenreCatalogue.swift */ = {isa = PBXFileReference; fileEncoding = 4; lastKnownFileType = sourcecode.swift; path = GenreCatalogue.swift; sourceTree = "<group>"; };
		C1B5CA8F2A424B51006D9F8A /* headerFavoriteView.swift */ = {isa = PBXFileReference; fileEncoding = 4; lastKnownFileType = sourcecode.swift; path = headerFavoriteView.swift; sourceTree = "<group>"; };
		C1B5CA922A424B78006D9F8A /* baseSearchView.swift */ = {isa = PBXFileReference; fileEncoding = 4; lastKnownFileType = sourcecode.swift; path = baseSearchView.swift; sourceTree = "<group>"; };
		C1B5CAA22A424BCE006D9F8A /* Preview Assets.xcassets */ = {isa = PBXFileReference; lastKnownFileType = folder.assetcatalog; path = "Preview Assets.xcassets"; sourceTree = "<group>"; };
		CE3A9A6A2A43368D0076FC29 /* Movie.swift */ = {isa = PBXFileReference; lastKnownFileType = sourcecode.swift; path = Movie.swift; sourceTree = "<group>"; };
/* End PBXFileReference section */

/* Begin PBXFrameworksBuildPhase section */
		B8F3EBE72A18BB2500199DC5 /* Frameworks */ = {
			isa = PBXFrameworksBuildPhase;
			buildActionMask = 2147483647;
			files = (
				651661732A44EB750003DE95 /* TMDb in Frameworks */,
			);
			runOnlyForDeploymentPostprocessing = 0;
		};
		B8F3EBF72A18BB2C00199DC5 /* Frameworks */ = {
			isa = PBXFrameworksBuildPhase;
			buildActionMask = 2147483647;
			files = (
			);
			runOnlyForDeploymentPostprocessing = 0;
		};
		B8F3EC012A18BB2C00199DC5 /* Frameworks */ = {
			isa = PBXFrameworksBuildPhase;
			buildActionMask = 2147483647;
			files = (
			);
			runOnlyForDeploymentPostprocessing = 0;
		};
/* End PBXFrameworksBuildPhase section */

/* Begin PBXGroup section */
		6505ADB72A4494E000697643 /* DataProvider */ = {
			isa = PBXGroup;
			children = (
				6505ADB82A4494E000697643 /* BooksAPI.swift */,
				6505ADBB2A4494E000697643 /* Book.swift */,
				CE3A9A6A2A43368D0076FC29 /* Movie.swift */,
				6516616F2A44EB4F0003DE95 /* MoviesAPI.swift */,
			);
			path = DataProvider;
			sourceTree = "<group>";
		};
		6505ADBC2A4494E000697643 /* DataModel */ = {
			isa = PBXGroup;
			children = (
				6505ADBD2A4494E000697643 /* DataController.swift */,
				6505ADBE2A4494E000697643 /* Literally.xcdatamodeld */,
			);
			path = DataModel;
			sourceTree = "<group>";
		};
		6505ADC62A44951800697643 /* HomePage */ = {
			isa = PBXGroup;
			children = (
				6505ADC72A44951800697643 /* HomeCatalog.swift */,
				6505ADC82A44951800697643 /* MovieCatalog.swift */,
				6505ADC92A44951800697643 /* BookCatalog.swift */,
				6505ADCA2A44951800697643 /* ItemCatalog.swift */,
				6505ADCB2A44951800697643 /* HomePageView.swift */,
			);
			path = HomePage;
			sourceTree = "<group>";
		};
		B89690852A4275DE0016670F /* itensView */ = {
			isa = PBXGroup;
			children = (
				B89690862A4275DE0016670F /* ItemListView.swift */,
			);
			path = itensView;
			sourceTree = "<group>";
		};
		B8F3EBE12A18BB2500199DC5 = {
			isa = PBXGroup;
			children = (
				B8F3EBEC2A18BB2500199DC5 /* Literally */,
				B8F3EBEB2A18BB2500199DC5 /* Products */,
			);
			sourceTree = "<group>";
		};
		B8F3EBEB2A18BB2500199DC5 /* Products */ = {
			isa = PBXGroup;
			children = (
				B8F3EBEA2A18BB2500199DC5 /* Literally.app */,
				B8F3EBFA2A18BB2C00199DC5 /* LiterallyTests.xctest */,
				B8F3EC042A18BB2C00199DC5 /* LiterallyUITests.xctest */,
			);
			name = Products;
			sourceTree = "<group>";
		};
		B8F3EBEC2A18BB2500199DC5 /* Literally */ = {
			isa = PBXGroup;
			children = (
				6505ADC62A44951800697643 /* HomePage */,
				6505ADBC2A4494E000697643 /* DataModel */,
				6505ADB72A4494E000697643 /* DataProvider */,
				B89690852A4275DE0016670F /* itensView */,
				C1B5CAA12A424BCE006D9F8A /* Preview Content */,
				C1B5CA912A424B78006D9F8A /* SearchPage */,
				C1B5CA8E2A424B51006D9F8A /* FavoritesPage */,
				C1B5CA892A424B35006D9F8A /* ResultsByGender */,
				C1B5CA842A424B03006D9F8A /* ResultPages */,
				C1B5CA742A424A4F006D9F8A /* PresentationPages */,
				B8F3EBEF2A18BB2500199DC5 /* ContentView.swift */,
				B8F3EBED2A18BB2500199DC5 /* LiterallyApp.swift */,
				C1B5CA722A4249E2006D9F8A /* Assets.xcassets */,
				B8F3EBF12A18BB2C00199DC5 /* Assets.xcassets */,
			);
			path = Literally;
			sourceTree = "<group>";
		};
		C1B5CA742A424A4F006D9F8A /* PresentationPages */ = {
			isa = PBXGroup;
			children = (
				C1B5CA752A424A4F006D9F8A /* BasePresentationView.swift */,
				C1B5CA762A424A4F006D9F8A /* ThirdPresentationPageView.swift */,
				C1B5CA772A424A4F006D9F8A /* FourthPresentationPagePreview.swift */,
				C1B5CA782A424A4F006D9F8A /* FirstPresentationPageView.swift */,
				C1B5CA792A424A4F006D9F8A /* SecondPresentationPageView.swift */,
			);
			path = PresentationPages;
			sourceTree = "<group>";
		};
		C1B5CA842A424B03006D9F8A /* ResultPages */ = {
			isa = PBXGroup;
			children = (
				C1B5CA852A424B03006D9F8A /* BooksView.swift */,
				C1B5CA862A424B03006D9F8A /* MoviesView.swift */,
			);
			path = ResultPages;
			sourceTree = "<group>";
		};
		C1B5CA892A424B35006D9F8A /* ResultsByGender */ = {
			isa = PBXGroup;
			children = (
				C1B5CA8A2A424B35006D9F8A /* GenreView.swift */,
				C1B5CA8B2A424B35006D9F8A /* GenreCatalogue.swift */,
			);
			path = ResultsByGender;
			sourceTree = "<group>";
		};
		C1B5CA8E2A424B51006D9F8A /* FavoritesPage */ = {
			isa = PBXGroup;
			children = (
				C1B5CA8F2A424B51006D9F8A /* headerFavoriteView.swift */,
			);
			path = FavoritesPage;
			sourceTree = "<group>";
		};
		C1B5CA912A424B78006D9F8A /* SearchPage */ = {
			isa = PBXGroup;
			children = (
				C1B5CA922A424B78006D9F8A /* baseSearchView.swift */,
			);
			path = SearchPage;
			sourceTree = "<group>";
		};
		C1B5CAA12A424BCE006D9F8A /* Preview Content */ = {
			isa = PBXGroup;
			children = (
				C1B5CAA22A424BCE006D9F8A /* Preview Assets.xcassets */,
			);
			path = "Preview Content";
			sourceTree = "<group>";
		};
/* End PBXGroup section */

/* Begin PBXNativeTarget section */
		B8F3EBE92A18BB2500199DC5 /* Literally */ = {
			isa = PBXNativeTarget;
			buildConfigurationList = B8F3EC0E2A18BB2C00199DC5 /* Build configuration list for PBXNativeTarget "Literally" */;
			buildPhases = (
				B8F3EBE62A18BB2500199DC5 /* Sources */,
				B8F3EBE72A18BB2500199DC5 /* Frameworks */,
				B8F3EBE82A18BB2500199DC5 /* Resources */,
			);
			buildRules = (
			);
			dependencies = (
			);
			name = Literally;
			packageProductDependencies = (
				651661722A44EB750003DE95 /* TMDb */,
			);
			productName = Literally;
			productReference = B8F3EBEA2A18BB2500199DC5 /* Literally.app */;
			productType = "com.apple.product-type.application";
		};
		B8F3EBF92A18BB2C00199DC5 /* LiterallyTests */ = {
			isa = PBXNativeTarget;
			buildConfigurationList = B8F3EC112A18BB2C00199DC5 /* Build configuration list for PBXNativeTarget "LiterallyTests" */;
			buildPhases = (
				B8F3EBF62A18BB2C00199DC5 /* Sources */,
				B8F3EBF72A18BB2C00199DC5 /* Frameworks */,
				B8F3EBF82A18BB2C00199DC5 /* Resources */,
			);
			buildRules = (
			);
			dependencies = (
				B8F3EBFC2A18BB2C00199DC5 /* PBXTargetDependency */,
			);
			name = LiterallyTests;
			productName = LiterallyTests;
			productReference = B8F3EBFA2A18BB2C00199DC5 /* LiterallyTests.xctest */;
			productType = "com.apple.product-type.bundle.unit-test";
		};
		B8F3EC032A18BB2C00199DC5 /* LiterallyUITests */ = {
			isa = PBXNativeTarget;
			buildConfigurationList = B8F3EC142A18BB2C00199DC5 /* Build configuration list for PBXNativeTarget "LiterallyUITests" */;
			buildPhases = (
				B8F3EC002A18BB2C00199DC5 /* Sources */,
				B8F3EC012A18BB2C00199DC5 /* Frameworks */,
				B8F3EC022A18BB2C00199DC5 /* Resources */,
			);
			buildRules = (
			);
			dependencies = (
				B8F3EC062A18BB2C00199DC5 /* PBXTargetDependency */,
			);
			name = LiterallyUITests;
			productName = LiterallyUITests;
			productReference = B8F3EC042A18BB2C00199DC5 /* LiterallyUITests.xctest */;
			productType = "com.apple.product-type.bundle.ui-testing";
		};
/* End PBXNativeTarget section */

/* Begin PBXProject section */
		B8F3EBE22A18BB2500199DC5 /* Project object */ = {
			isa = PBXProject;
			attributes = {
				BuildIndependentTargetsInParallel = 1;
				LastSwiftUpdateCheck = 1420;
				LastUpgradeCheck = 1420;
				TargetAttributes = {
					B8F3EBE92A18BB2500199DC5 = {
						CreatedOnToolsVersion = 14.2;
					};
					B8F3EBF92A18BB2C00199DC5 = {
						CreatedOnToolsVersion = 14.2;
						TestTargetID = B8F3EBE92A18BB2500199DC5;
					};
					B8F3EC032A18BB2C00199DC5 = {
						CreatedOnToolsVersion = 14.2;
						TestTargetID = B8F3EBE92A18BB2500199DC5;
					};
				};
			};
			buildConfigurationList = B8F3EBE52A18BB2500199DC5 /* Build configuration list for PBXProject "Literally" */;
			compatibilityVersion = "Xcode 14.0";
			developmentRegion = en;
			hasScannedForEncodings = 0;
			knownRegions = (
				en,
				Base,
			);
			mainGroup = B8F3EBE12A18BB2500199DC5;
			packageReferences = (
				651661712A44EB750003DE95 /* XCRemoteSwiftPackageReference "TMDb" */,
			);
			productRefGroup = B8F3EBEB2A18BB2500199DC5 /* Products */;
			projectDirPath = "";
			projectRoot = "";
			targets = (
				B8F3EBE92A18BB2500199DC5 /* Literally */,
				B8F3EBF92A18BB2C00199DC5 /* LiterallyTests */,
				B8F3EC032A18BB2C00199DC5 /* LiterallyUITests */,
			);
		};
/* End PBXProject section */

/* Begin PBXResourcesBuildPhase section */
		B8F3EBE82A18BB2500199DC5 /* Resources */ = {
			isa = PBXResourcesBuildPhase;
			buildActionMask = 2147483647;
			files = (
				B8F3EBF22A18BB2C00199DC5 /* Assets.xcassets in Resources */,
				C1B5CAA32A424BCE006D9F8A /* Preview Assets.xcassets in Resources */,
				C1B5CA732A4249E2006D9F8A /* Assets.xcassets in Resources */,
			);
			runOnlyForDeploymentPostprocessing = 0;
		};
		B8F3EBF82A18BB2C00199DC5 /* Resources */ = {
			isa = PBXResourcesBuildPhase;
			buildActionMask = 2147483647;
			files = (
			);
			runOnlyForDeploymentPostprocessing = 0;
		};
		B8F3EC022A18BB2C00199DC5 /* Resources */ = {
			isa = PBXResourcesBuildPhase;
			buildActionMask = 2147483647;
			files = (
			);
			runOnlyForDeploymentPostprocessing = 0;
		};
/* End PBXResourcesBuildPhase section */

/* Begin PBXSourcesBuildPhase section */
		B8F3EBE62A18BB2500199DC5 /* Sources */ = {
			isa = PBXSourcesBuildPhase;
			buildActionMask = 2147483647;
			files = (
				C1B5CA7D2A424A4F006D9F8A /* FourthPresentationPagePreview.swift in Sources */,
				651661702A44EB4F0003DE95 /* MoviesAPI.swift in Sources */,
				B8F3EBF02A18BB2500199DC5 /* ContentView.swift in Sources */,
				6505ADC52A4494E000697643 /* Literally.xcdatamodeld in Sources */,
				6505ADC02A4494E000697643 /* BooksAPI.swift in Sources */,
				B89690872A4275DE0016670F /* ItemListView.swift in Sources */,
				C1B5CA902A424B51006D9F8A /* headerFavoriteView.swift in Sources */,
				6505ADCE2A44951800697643 /* BookCatalog.swift in Sources */,
				6505ADD02A44951800697643 /* HomePageView.swift in Sources */,
				C1B5CA7B2A424A4F006D9F8A /* BasePresentationView.swift in Sources */,
				6505ADCF2A44951800697643 /* ItemCatalog.swift in Sources */,
				C1B5CA7F2A424A4F006D9F8A /* SecondPresentationPageView.swift in Sources */,
				6505ADCD2A44951800697643 /* MovieCatalog.swift in Sources */,
				6505ADC42A4494E000697643 /* DataController.swift in Sources */,
				6505ADC32A4494E000697643 /* Book.swift in Sources */,
				C1B5CA872A424B03006D9F8A /* BooksView.swift in Sources */,
				C1B5CA8C2A424B35006D9F8A /* GenreView.swift in Sources */,
				B8F3EBEE2A18BB2500199DC5 /* LiterallyApp.swift in Sources */,
				C1B5CA7E2A424A4F006D9F8A /* FirstPresentationPageView.swift in Sources */,
				C1B5CA8D2A424B35006D9F8A /* GenreCatalogue.swift in Sources */,
				C1B5CA882A424B03006D9F8A /* MoviesView.swift in Sources */,
				CE3A9A6B2A43368D0076FC29 /* Movie.swift in Sources */,
				6505ADCC2A44951800697643 /* HomeCatalog.swift in Sources */,
				C1B5CA9A2A424B78006D9F8A /* baseSearchView.swift in Sources */,
				C1B5CA7C2A424A4F006D9F8A /* ThirdPresentationPageView.swift in Sources */,
			);
			runOnlyForDeploymentPostprocessing = 0;
		};
		B8F3EBF62A18BB2C00199DC5 /* Sources */ = {
			isa = PBXSourcesBuildPhase;
			buildActionMask = 2147483647;
			files = (
			);
			runOnlyForDeploymentPostprocessing = 0;
		};
		B8F3EC002A18BB2C00199DC5 /* Sources */ = {
			isa = PBXSourcesBuildPhase;
			buildActionMask = 2147483647;
			files = (
			);
			runOnlyForDeploymentPostprocessing = 0;
		};
/* End PBXSourcesBuildPhase section */

/* Begin PBXTargetDependency section */
		B8F3EBFC2A18BB2C00199DC5 /* PBXTargetDependency */ = {
			isa = PBXTargetDependency;
			target = B8F3EBE92A18BB2500199DC5 /* Literally */;
			targetProxy = B8F3EBFB2A18BB2C00199DC5 /* PBXContainerItemProxy */;
		};
		B8F3EC062A18BB2C00199DC5 /* PBXTargetDependency */ = {
			isa = PBXTargetDependency;
			target = B8F3EBE92A18BB2500199DC5 /* Literally */;
			targetProxy = B8F3EC052A18BB2C00199DC5 /* PBXContainerItemProxy */;
		};
/* End PBXTargetDependency section */

/* Begin XCBuildConfiguration section */
		B8F3EC0C2A18BB2C00199DC5 /* Debug */ = {
			isa = XCBuildConfiguration;
			buildSettings = {
				ALWAYS_SEARCH_USER_PATHS = NO;
				CLANG_ANALYZER_NONNULL = YES;
				CLANG_ANALYZER_NUMBER_OBJECT_CONVERSION = YES_AGGRESSIVE;
				CLANG_CXX_LANGUAGE_STANDARD = "gnu++20";
				CLANG_ENABLE_MODULES = YES;
				CLANG_ENABLE_OBJC_ARC = YES;
				CLANG_ENABLE_OBJC_WEAK = YES;
				CLANG_WARN_BLOCK_CAPTURE_AUTORELEASING = YES;
				CLANG_WARN_BOOL_CONVERSION = YES;
				CLANG_WARN_COMMA = YES;
				CLANG_WARN_CONSTANT_CONVERSION = YES;
				CLANG_WARN_DEPRECATED_OBJC_IMPLEMENTATIONS = YES;
				CLANG_WARN_DIRECT_OBJC_ISA_USAGE = YES_ERROR;
				CLANG_WARN_DOCUMENTATION_COMMENTS = YES;
				CLANG_WARN_EMPTY_BODY = YES;
				CLANG_WARN_ENUM_CONVERSION = YES;
				CLANG_WARN_INFINITE_RECURSION = YES;
				CLANG_WARN_INT_CONVERSION = YES;
				CLANG_WARN_NON_LITERAL_NULL_CONVERSION = YES;
				CLANG_WARN_OBJC_IMPLICIT_RETAIN_SELF = YES;
				CLANG_WARN_OBJC_LITERAL_CONVERSION = YES;
				CLANG_WARN_OBJC_ROOT_CLASS = YES_ERROR;
				CLANG_WARN_QUOTED_INCLUDE_IN_FRAMEWORK_HEADER = YES;
				CLANG_WARN_RANGE_LOOP_ANALYSIS = YES;
				CLANG_WARN_STRICT_PROTOTYPES = YES;
				CLANG_WARN_SUSPICIOUS_MOVE = YES;
				CLANG_WARN_UNGUARDED_AVAILABILITY = YES_AGGRESSIVE;
				CLANG_WARN_UNREACHABLE_CODE = YES;
				CLANG_WARN__DUPLICATE_METHOD_MATCH = YES;
				COPY_PHASE_STRIP = NO;
				DEBUG_INFORMATION_FORMAT = dwarf;
				ENABLE_STRICT_OBJC_MSGSEND = YES;
				ENABLE_TESTABILITY = YES;
				GCC_C_LANGUAGE_STANDARD = gnu11;
				GCC_DYNAMIC_NO_PIC = NO;
				GCC_NO_COMMON_BLOCKS = YES;
				GCC_OPTIMIZATION_LEVEL = 0;
				GCC_PREPROCESSOR_DEFINITIONS = (
					"DEBUG=1",
					"$(inherited)",
				);
				GCC_WARN_64_TO_32_BIT_CONVERSION = YES;
				GCC_WARN_ABOUT_RETURN_TYPE = YES_ERROR;
				GCC_WARN_UNDECLARED_SELECTOR = YES;
				GCC_WARN_UNINITIALIZED_AUTOS = YES_AGGRESSIVE;
				GCC_WARN_UNUSED_FUNCTION = YES;
				GCC_WARN_UNUSED_VARIABLE = YES;
				IPHONEOS_DEPLOYMENT_TARGET = 16.2;
				MTL_ENABLE_DEBUG_INFO = INCLUDE_SOURCE;
				MTL_FAST_MATH = YES;
				ONLY_ACTIVE_ARCH = YES;
				SDKROOT = iphoneos;
				SWIFT_ACTIVE_COMPILATION_CONDITIONS = DEBUG;
				SWIFT_OPTIMIZATION_LEVEL = "-Onone";
			};
			name = Debug;
		};
		B8F3EC0D2A18BB2C00199DC5 /* Release */ = {
			isa = XCBuildConfiguration;
			buildSettings = {
				ALWAYS_SEARCH_USER_PATHS = NO;
				CLANG_ANALYZER_NONNULL = YES;
				CLANG_ANALYZER_NUMBER_OBJECT_CONVERSION = YES_AGGRESSIVE;
				CLANG_CXX_LANGUAGE_STANDARD = "gnu++20";
				CLANG_ENABLE_MODULES = YES;
				CLANG_ENABLE_OBJC_ARC = YES;
				CLANG_ENABLE_OBJC_WEAK = YES;
				CLANG_WARN_BLOCK_CAPTURE_AUTORELEASING = YES;
				CLANG_WARN_BOOL_CONVERSION = YES;
				CLANG_WARN_COMMA = YES;
				CLANG_WARN_CONSTANT_CONVERSION = YES;
				CLANG_WARN_DEPRECATED_OBJC_IMPLEMENTATIONS = YES;
				CLANG_WARN_DIRECT_OBJC_ISA_USAGE = YES_ERROR;
				CLANG_WARN_DOCUMENTATION_COMMENTS = YES;
				CLANG_WARN_EMPTY_BODY = YES;
				CLANG_WARN_ENUM_CONVERSION = YES;
				CLANG_WARN_INFINITE_RECURSION = YES;
				CLANG_WARN_INT_CONVERSION = YES;
				CLANG_WARN_NON_LITERAL_NULL_CONVERSION = YES;
				CLANG_WARN_OBJC_IMPLICIT_RETAIN_SELF = YES;
				CLANG_WARN_OBJC_LITERAL_CONVERSION = YES;
				CLANG_WARN_OBJC_ROOT_CLASS = YES_ERROR;
				CLANG_WARN_QUOTED_INCLUDE_IN_FRAMEWORK_HEADER = YES;
				CLANG_WARN_RANGE_LOOP_ANALYSIS = YES;
				CLANG_WARN_STRICT_PROTOTYPES = YES;
				CLANG_WARN_SUSPICIOUS_MOVE = YES;
				CLANG_WARN_UNGUARDED_AVAILABILITY = YES_AGGRESSIVE;
				CLANG_WARN_UNREACHABLE_CODE = YES;
				CLANG_WARN__DUPLICATE_METHOD_MATCH = YES;
				COPY_PHASE_STRIP = NO;
				DEBUG_INFORMATION_FORMAT = "dwarf-with-dsym";
				ENABLE_NS_ASSERTIONS = NO;
				ENABLE_STRICT_OBJC_MSGSEND = YES;
				GCC_C_LANGUAGE_STANDARD = gnu11;
				GCC_NO_COMMON_BLOCKS = YES;
				GCC_WARN_64_TO_32_BIT_CONVERSION = YES;
				GCC_WARN_ABOUT_RETURN_TYPE = YES_ERROR;
				GCC_WARN_UNDECLARED_SELECTOR = YES;
				GCC_WARN_UNINITIALIZED_AUTOS = YES_AGGRESSIVE;
				GCC_WARN_UNUSED_FUNCTION = YES;
				GCC_WARN_UNUSED_VARIABLE = YES;
				IPHONEOS_DEPLOYMENT_TARGET = 16.2;
				MTL_ENABLE_DEBUG_INFO = NO;
				MTL_FAST_MATH = YES;
				SDKROOT = iphoneos;
				SWIFT_COMPILATION_MODE = wholemodule;
				SWIFT_OPTIMIZATION_LEVEL = "-O";
				VALIDATE_PRODUCT = YES;
			};
			name = Release;
		};
		B8F3EC0F2A18BB2C00199DC5 /* Debug */ = {
			isa = XCBuildConfiguration;
			buildSettings = {
				ASSETCATALOG_COMPILER_APPICON_NAME = AppIcon;
				ASSETCATALOG_COMPILER_GLOBAL_ACCENT_COLOR_NAME = AccentColor;
				CODE_SIGN_STYLE = Automatic;
				CURRENT_PROJECT_VERSION = 1;
				DEVELOPMENT_ASSET_PATHS = "\"Literally/Preview Content\"";
				DEVELOPMENT_TEAM = PSL5Y7F3J8;
				ENABLE_PREVIEWS = YES;
				GENERATE_INFOPLIST_FILE = YES;
				INFOPLIST_KEY_UIApplicationSceneManifest_Generation = YES;
				INFOPLIST_KEY_UIApplicationSupportsIndirectInputEvents = YES;
				INFOPLIST_KEY_UILaunchScreen_Generation = YES;
				INFOPLIST_KEY_UISupportedInterfaceOrientations_iPad = "UIInterfaceOrientationPortrait UIInterfaceOrientationPortraitUpsideDown UIInterfaceOrientationLandscapeLeft UIInterfaceOrientationLandscapeRight";
				INFOPLIST_KEY_UISupportedInterfaceOrientations_iPhone = "UIInterfaceOrientationPortrait UIInterfaceOrientationLandscapeLeft UIInterfaceOrientationLandscapeRight";
				LD_RUNPATH_SEARCH_PATHS = (
					"$(inherited)",
					"@executable_path/Frameworks",
				);
				MARKETING_VERSION = 1.0;
				PRODUCT_BUNDLE_IDENTIFIER = com.daniel.Literally;
				PRODUCT_NAME = "$(TARGET_NAME)";
				SWIFT_EMIT_LOC_STRINGS = YES;
				SWIFT_VERSION = 5.0;
				TARGETED_DEVICE_FAMILY = "1,2";
			};
			name = Debug;
		};
		B8F3EC102A18BB2C00199DC5 /* Release */ = {
			isa = XCBuildConfiguration;
			buildSettings = {
				ASSETCATALOG_COMPILER_APPICON_NAME = AppIcon;
				ASSETCATALOG_COMPILER_GLOBAL_ACCENT_COLOR_NAME = AccentColor;
				CODE_SIGN_STYLE = Automatic;
				CURRENT_PROJECT_VERSION = 1;
				DEVELOPMENT_ASSET_PATHS = "\"Literally/Preview Content\"";
				DEVELOPMENT_TEAM = PSL5Y7F3J8;
				ENABLE_PREVIEWS = YES;
				GENERATE_INFOPLIST_FILE = YES;
				INFOPLIST_KEY_UIApplicationSceneManifest_Generation = YES;
				INFOPLIST_KEY_UIApplicationSupportsIndirectInputEvents = YES;
				INFOPLIST_KEY_UILaunchScreen_Generation = YES;
				INFOPLIST_KEY_UISupportedInterfaceOrientations_iPad = "UIInterfaceOrientationPortrait UIInterfaceOrientationPortraitUpsideDown UIInterfaceOrientationLandscapeLeft UIInterfaceOrientationLandscapeRight";
				INFOPLIST_KEY_UISupportedInterfaceOrientations_iPhone = "UIInterfaceOrientationPortrait UIInterfaceOrientationLandscapeLeft UIInterfaceOrientationLandscapeRight";
				LD_RUNPATH_SEARCH_PATHS = (
					"$(inherited)",
					"@executable_path/Frameworks",
				);
				MARKETING_VERSION = 1.0;
				PRODUCT_BUNDLE_IDENTIFIER = com.daniel.Literally;
				PRODUCT_NAME = "$(TARGET_NAME)";
				SWIFT_EMIT_LOC_STRINGS = YES;
				SWIFT_VERSION = 5.0;
				TARGETED_DEVICE_FAMILY = "1,2";
			};
			name = Release;
		};
		B8F3EC122A18BB2C00199DC5 /* Debug */ = {
			isa = XCBuildConfiguration;
			buildSettings = {
				ALWAYS_EMBED_SWIFT_STANDARD_LIBRARIES = YES;
				BUNDLE_LOADER = "$(TEST_HOST)";
				CODE_SIGN_STYLE = Automatic;
				CURRENT_PROJECT_VERSION = 1;
				GENERATE_INFOPLIST_FILE = YES;
				IPHONEOS_DEPLOYMENT_TARGET = 16.2;
				MARKETING_VERSION = 1.0;
				PRODUCT_BUNDLE_IDENTIFIER = com.foundation.LiterallyTests;
				PRODUCT_NAME = "$(TARGET_NAME)";
				SWIFT_EMIT_LOC_STRINGS = NO;
				SWIFT_VERSION = 5.0;
				TARGETED_DEVICE_FAMILY = "1,2";
				TEST_HOST = "$(BUILT_PRODUCTS_DIR)/Literally.app/$(BUNDLE_EXECUTABLE_FOLDER_PATH)/Literally";
			};
			name = Debug;
		};
		B8F3EC132A18BB2C00199DC5 /* Release */ = {
			isa = XCBuildConfiguration;
			buildSettings = {
				ALWAYS_EMBED_SWIFT_STANDARD_LIBRARIES = YES;
				BUNDLE_LOADER = "$(TEST_HOST)";
				CODE_SIGN_STYLE = Automatic;
				CURRENT_PROJECT_VERSION = 1;
				GENERATE_INFOPLIST_FILE = YES;
				IPHONEOS_DEPLOYMENT_TARGET = 16.2;
				MARKETING_VERSION = 1.0;
				PRODUCT_BUNDLE_IDENTIFIER = com.foundation.LiterallyTests;
				PRODUCT_NAME = "$(TARGET_NAME)";
				SWIFT_EMIT_LOC_STRINGS = NO;
				SWIFT_VERSION = 5.0;
				TARGETED_DEVICE_FAMILY = "1,2";
				TEST_HOST = "$(BUILT_PRODUCTS_DIR)/Literally.app/$(BUNDLE_EXECUTABLE_FOLDER_PATH)/Literally";
			};
			name = Release;
		};
		B8F3EC152A18BB2C00199DC5 /* Debug */ = {
			isa = XCBuildConfiguration;
			buildSettings = {
				ALWAYS_EMBED_SWIFT_STANDARD_LIBRARIES = YES;
				CODE_SIGN_STYLE = Automatic;
				CURRENT_PROJECT_VERSION = 1;
				GENERATE_INFOPLIST_FILE = YES;
				MARKETING_VERSION = 1.0;
				PRODUCT_BUNDLE_IDENTIFIER = com.foundation.LiterallyUITests;
				PRODUCT_NAME = "$(TARGET_NAME)";
				SWIFT_EMIT_LOC_STRINGS = NO;
				SWIFT_VERSION = 5.0;
				TARGETED_DEVICE_FAMILY = "1,2";
				TEST_TARGET_NAME = Literally;
			};
			name = Debug;
		};
		B8F3EC162A18BB2C00199DC5 /* Release */ = {
			isa = XCBuildConfiguration;
			buildSettings = {
				ALWAYS_EMBED_SWIFT_STANDARD_LIBRARIES = YES;
				CODE_SIGN_STYLE = Automatic;
				CURRENT_PROJECT_VERSION = 1;
				GENERATE_INFOPLIST_FILE = YES;
				MARKETING_VERSION = 1.0;
				PRODUCT_BUNDLE_IDENTIFIER = com.foundation.LiterallyUITests;
				PRODUCT_NAME = "$(TARGET_NAME)";
				SWIFT_EMIT_LOC_STRINGS = NO;
				SWIFT_VERSION = 5.0;
				TARGETED_DEVICE_FAMILY = "1,2";
				TEST_TARGET_NAME = Literally;
			};
			name = Release;
		};
/* End XCBuildConfiguration section */

/* Begin XCConfigurationList section */
		B8F3EBE52A18BB2500199DC5 /* Build configuration list for PBXProject "Literally" */ = {
			isa = XCConfigurationList;
			buildConfigurations = (
				B8F3EC0C2A18BB2C00199DC5 /* Debug */,
				B8F3EC0D2A18BB2C00199DC5 /* Release */,
			);
			defaultConfigurationIsVisible = 0;
			defaultConfigurationName = Release;
		};
		B8F3EC0E2A18BB2C00199DC5 /* Build configuration list for PBXNativeTarget "Literally" */ = {
			isa = XCConfigurationList;
			buildConfigurations = (
				B8F3EC0F2A18BB2C00199DC5 /* Debug */,
				B8F3EC102A18BB2C00199DC5 /* Release */,
			);
			defaultConfigurationIsVisible = 0;
			defaultConfigurationName = Release;
		};
		B8F3EC112A18BB2C00199DC5 /* Build configuration list for PBXNativeTarget "LiterallyTests" */ = {
			isa = XCConfigurationList;
			buildConfigurations = (
				B8F3EC122A18BB2C00199DC5 /* Debug */,
				B8F3EC132A18BB2C00199DC5 /* Release */,
			);
			defaultConfigurationIsVisible = 0;
			defaultConfigurationName = Release;
		};
		B8F3EC142A18BB2C00199DC5 /* Build configuration list for PBXNativeTarget "LiterallyUITests" */ = {
			isa = XCConfigurationList;
			buildConfigurations = (
				B8F3EC152A18BB2C00199DC5 /* Debug */,
				B8F3EC162A18BB2C00199DC5 /* Release */,
			);
			defaultConfigurationIsVisible = 0;
			defaultConfigurationName = Release;
		};
/* End XCConfigurationList section */

/* Begin XCRemoteSwiftPackageReference section */
		651661712A44EB750003DE95 /* XCRemoteSwiftPackageReference "TMDb" */ = {
			isa = XCRemoteSwiftPackageReference;
			repositoryURL = "https://github.com/adamayoung/TMDb.git";
			requirement = {
				branch = main;
				kind = branch;
			};
		};
/* End XCRemoteSwiftPackageReference section */

/* Begin XCSwiftPackageProductDependency section */
		651661722A44EB750003DE95 /* TMDb */ = {
			isa = XCSwiftPackageProductDependency;
			package = 651661712A44EB750003DE95 /* XCRemoteSwiftPackageReference "TMDb" */;
			productName = TMDb;
		};
/* End XCSwiftPackageProductDependency section */

/* Begin XCVersionGroup section */
		6505ADBE2A4494E000697643 /* Literally.xcdatamodeld */ = {
			isa = XCVersionGroup;
			children = (
				6505ADBF2A4494E000697643 /* Literally.xcdatamodel */,
			);
			currentVersion = 6505ADBF2A4494E000697643 /* Literally.xcdatamodel */;
			path = Literally.xcdatamodeld;
			sourceTree = "<group>";
			versionGroupType = wrapper.xcdatamodel;
		};
/* End XCVersionGroup section */
	};
	rootObject = B8F3EBE22A18BB2500199DC5 /* Project object */;
}
